
Microsoft Visual Studio Solution File, Format Version 12.00
# Visual Studio Version 17
VisualStudioVersion = 17.8.34330.188
MinimumVisualStudioVersion = 10.0.40219.1
Project("{9A19103F-16F7-4668-BE54-9A1E7A4F7556}") = "webapi.server", "webapi.server\webapi.server.csproj", "{30249D31-F429-45F2-9FC0-26BEBE893048}"
EndProject
Project("{9A19103F-16F7-4668-BE54-9A1E7A4F7556}") = "CRUD.Compartir", "CRUD.Compartir\CRUD.Compartir.csproj", "{BEEB0DFA-8DF4-42B0-9D76-BE7664614B93}"
EndProject
Project("{9A19103F-16F7-4668-BE54-9A1E7A4F7556}") = "BlazorABC.Client", "BlazorABC.Usuarios\BlazorABC.Client.csproj", "{0CC27DE6-F90F-4324-ACCA-68A3F5653135}"
EndProject
Global
	GlobalSection(SolutionConfigurationPlatforms) = preSolution
		Debug|Any CPU = Debug|Any CPU
		Release|Any CPU = Release|Any CPU
	EndGlobalSection
	GlobalSection(ProjectConfigurationPlatforms) = postSolution
		{30249D31-F429-45F2-9FC0-26BEBE893048}.Debug|Any CPU.ActiveCfg = Debug|Any CPU
		{30249D31-F429-45F2-9FC0-26BEBE893048}.Debug|Any CPU.Build.0 = Debug|Any CPU
		{30249D31-F429-45F2-9FC0-26BEBE893048}.Release|Any CPU.ActiveCfg = Release|Any CPU
		{30249D31-F429-45F2-9FC0-26BEBE893048}.Release|Any CPU.Build.0 = Release|Any CPU
		{BEEB0DFA-8DF4-42B0-9D76-BE7664614B93}.Debug|Any CPU.ActiveCfg = Debug|Any CPU
		{BEEB0DFA-8DF4-42B0-9D76-BE7664614B93}.Debug|Any CPU.Build.0 = Debug|Any CPU
		{BEEB0DFA-8DF4-42B0-9D76-BE7664614B93}.Release|Any CPU.ActiveCfg = Release|Any CPU
		{BEEB0DFA-8DF4-42B0-9D76-BE7664614B93}.Release|Any CPU.Build.0 = Release|Any CPU
		{0CC27DE6-F90F-4324-ACCA-68A3F5653135}.Debug|Any CPU.ActiveCfg = Debug|Any CPU
		{0CC27DE6-F90F-4324-ACCA-68A3F5653135}.Debug|Any CPU.Build.0 = Debug|Any CPU
		{0CC27DE6-F90F-4324-ACCA-68A3F5653135}.Release|Any CPU.ActiveCfg = Release|Any CPU
		{0CC27DE6-F90F-4324-ACCA-68A3F5653135}.Release|Any CPU.Build.0 = Release|Any CPU
	EndGlobalSection
	GlobalSection(SolutionProperties) = preSolution
		HideSolutionNode = FALSE
	EndGlobalSection
	GlobalSection(ExtensibilityGlobals) = postSolution
		SolutionGuid = {7391A54B-D091-4936-91F5-9CE5BDDAEE8F}
	EndGlobalSection
EndGlobal
